# This file is automatically @generated by Cargo.
# It is not intended for manual editing.
version = 3

[[package]]
name = "aleph-backend"
version = "0.0.0"

[[package]]
name = "aleph-cli"
version = "0.0.0"

[[package]]
name = "aleph-core"
version = "0.0.0"

[[package]]
name = "aleph-ir"
version = "0.0.0"

[[package]]
name = "aleph-mps"
version = "0.0.0"

[[package]]
name = "aleph-parser"
version = "0.0.0"

[[package]]
name = "aleph-py"
version = "0.0.0"

[[package]]
name = "aleph-stab"
version = "0.0.0"

[[package]]
name = "aleph-sv"
version = "0.0.0"
